{
  "name": "wallpaper",
  "version": "1.0.1",
  "lockfileVersion": 3,
  "requires": true,
  "packages": {
    "": {
      "name": "wallpaper",
      "version": "1.0.1",
      "license": "MIT",
      "dependencies": {
        "image-downloader": "^4.3.0",
        "wallpaper": "^7.2.1"
      }
    },
    "node_modules/follow-redirects": {
      "version": "1.15.11",
      "resolved": "https://registry.npmjs.org/follow-redirects/-/follow-redirects-1.15.11.tgz",
      "integrity": "sha512-deG2P0JfjrTxl50XGCDyfI97ZGVCxIpfKYmfyrQ54n5FO/0gfIES8C/Psl6kWVDolizcaaxZJnTS0QSMxvnsBQ==",
      "funding": [
        {
          "type": "individual",
          "url": "https://github.com/sponsors/RubenVerborgh"
        }
      ],
      "license": "MIT",
      "engines": {
        "node": ">=4.0"
      },
      "peerDependenciesMeta": {
        "debug": {
          "optional": true
        }
      }
    },
    "node_modules/image-downloader": {
      "version": "4.3.0",
      "resolved": "https://registry.npmjs.org/image-downloader/-/image-downloader-4.3.0.tgz",
      "integrity": "sha512-UBioN0E+8zu8N0lLC6wkZmPA/MA1A3yx9B1whjy5O/YiOV9XrSxLLKi7JqLLj6knQ3n9N1OBoHFS7shp8sehBQ==",
      "license": "MIT",
      "dependencies": {
        "follow-redirects": "^1.15.0"
      },
      "engines": {
        "node": ">=6.10.1"
      }
    },
    "node_modules/wallpaper": {
      "version": "7.2.1",
      "resolved": "https://registry.npmjs.org/wallpaper/-/wallpaper-7.2.1.tgz",
      "integrity": "sha512-fqAhFSF/BVg+F7Hj+9xOnDWZMM20rjuDTYtietso4P8gYOPOBzJyzbJEDocDfoCgzDV5a1x68u54/ICr70mpPw==",
      "license": "MIT",
      "engines": {
        "node": ">=16"
      },
      "funding": {
        "url": "https://github.com/sponsors/sindresorhus"
      }
    }
  }
}
